// !$*UTF8*$!
{
	archiveVersion = 1;
	classes = {
	};
	objectVersion = 56;
	objects = {

/* Begin PBXBuildFile section */
		87C192572B50EA3E009964D3 /* TDEditTextView.swift in Sources */ = {isa = PBXBuildFile; fileRef = 87C192562B50EA3E009964D3 /* TDEditTextView.swift */; };
		87C192592B510961009964D3 /* TDSubmitButton.swift in Sources */ = {isa = PBXBuildFile; fileRef = 87C192582B510961009964D3 /* TDSubmitButton.swift */; };
		87C1925D2B51173D009964D3 /* TextAdjustUseCase.swift in Sources */ = {isa = PBXBuildFile; fileRef = 87C1925C2B51173D009964D3 /* TextAdjustUseCase.swift */; };
		87C192602B5120BD009964D3 /* TextAdjustUseCaseInterface.swift in Sources */ = {isa = PBXBuildFile; fileRef = 87C1925F2B5120BD009964D3 /* TextAdjustUseCaseInterface.swift */; };
		87EB9F6C2B50C508003CB76F /* TransDocumentApp.swift in Sources */ = {isa = PBXBuildFile; fileRef = 87EB9F6B2B50C508003CB76F /* TransDocumentApp.swift */; };
		87EB9F702B50C509003CB76F /* Assets.xcassets in Resources */ = {isa = PBXBuildFile; fileRef = 87EB9F6F2B50C509003CB76F /* Assets.xcassets */; };
		87EB9F732B50C509003CB76F /* Preview Assets.xcassets in Resources */ = {isa = PBXBuildFile; fileRef = 87EB9F722B50C509003CB76F /* Preview Assets.xcassets */; };
		87EB9F7B2B50CC59003CB76F /* NewDocumentView.swift in Sources */ = {isa = PBXBuildFile; fileRef = 87EB9F7A2B50CC59003CB76F /* NewDocumentView.swift */; };
		87EB9F7E2B50CC94003CB76F /* NewDocumentModel.swift in Sources */ = {isa = PBXBuildFile; fileRef = 87EB9F7D2B50CC94003CB76F /* NewDocumentModel.swift */; };
		87EB9F822B50CF70003CB76F /* Colors.swift in Sources */ = {isa = PBXBuildFile; fileRef = 87EB9F812B50CF70003CB76F /* Colors.swift */; };
		87EB9F852B50D079003CB76F /* Color+Extension.swift in Sources */ = {isa = PBXBuildFile; fileRef = 87EB9F842B50D079003CB76F /* Color+Extension.swift */; };
		87EB9F872B50D347003CB76F /* Date+Extension.swift in Sources */ = {isa = PBXBuildFile; fileRef = 87EB9F862B50D347003CB76F /* Date+Extension.swift */; };
/* End PBXBuildFile section */

/* Begin PBXFileReference section */
		87C192562B50EA3E009964D3 /* TDEditTextView.swift */ = {isa = PBXFileReference; lastKnownFileType = sourcecode.swift; path = TDEditTextView.swift; sourceTree = "<group>"; };
		87C192582B510961009964D3 /* TDSubmitButton.swift */ = {isa = PBXFileReference; lastKnownFileType = sourcecode.swift; path = TDSubmitButton.swift; sourceTree = "<group>"; };
		87C1925C2B51173D009964D3 /* TextAdjustUseCase.swift */ = {isa = PBXFileReference; lastKnownFileType = sourcecode.swift; path = TextAdjustUseCase.swift; sourceTree = "<group>"; };
		87C1925F2B5120BD009964D3 /* TextAdjustUseCaseInterface.swift */ = {isa = PBXFileReference; lastKnownFileType = sourcecode.swift; path = TextAdjustUseCaseInterface.swift; sourceTree = "<group>"; };
		87EB9F682B50C508003CB76F /* TransDocument.app */ = {isa = PBXFileReference; explicitFileType = wrapper.application; includeInIndex = 0; path = TransDocument.app; sourceTree = BUILT_PRODUCTS_DIR; };
		87EB9F6B2B50C508003CB76F /* TransDocumentApp.swift */ = {isa = PBXFileReference; lastKnownFileType = sourcecode.swift; path = TransDocumentApp.swift; sourceTree = "<group>"; };
		87EB9F6F2B50C509003CB76F /* Assets.xcassets */ = {isa = PBXFileReference; lastKnownFileType = folder.assetcatalog; path = Assets.xcassets; sourceTree = "<group>"; };
		87EB9F722B50C509003CB76F /* Preview Assets.xcassets */ = {isa = PBXFileReference; lastKnownFileType = folder.assetcatalog; path = "Preview Assets.xcassets"; sourceTree = "<group>"; };
		87EB9F742B50C509003CB76F /* TransDocument.entitlements */ = {isa = PBXFileReference; lastKnownFileType = text.plist.entitlements; path = TransDocument.entitlements; sourceTree = "<group>"; };
		87EB9F7A2B50CC59003CB76F /* NewDocumentView.swift */ = {isa = PBXFileReference; lastKnownFileType = sourcecode.swift; path = NewDocumentView.swift; sourceTree = "<group>"; };
		87EB9F7D2B50CC94003CB76F /* NewDocumentModel.swift */ = {isa = PBXFileReference; lastKnownFileType = sourcecode.swift; path = NewDocumentModel.swift; sourceTree = "<group>"; };
		87EB9F812B50CF70003CB76F /* Colors.swift */ = {isa = PBXFileReference; lastKnownFileType = sourcecode.swift; path = Colors.swift; sourceTree = "<group>"; };
		87EB9F842B50D079003CB76F /* Color+Extension.swift */ = {isa = PBXFileReference; lastKnownFileType = sourcecode.swift; path = "Color+Extension.swift"; sourceTree = "<group>"; };
		87EB9F862B50D347003CB76F /* Date+Extension.swift */ = {isa = PBXFileReference; lastKnownFileType = sourcecode.swift; path = "Date+Extension.swift"; sourceTree = "<group>"; };
/* End PBXFileReference section */

/* Begin PBXFrameworksBuildPhase section */
		87EB9F652B50C508003CB76F /* Frameworks */ = {
			isa = PBXFrameworksBuildPhase;
			buildActionMask = 2147483647;
			files = (
			);
			runOnlyForDeploymentPostprocessing = 0;
		};
/* End PBXFrameworksBuildPhase section */

/* Begin PBXGroup section */
		87C192552B50EA0F009964D3 /* Component */ = {
			isa = PBXGroup;
			children = (
				87C192562B50EA3E009964D3 /* TDEditTextView.swift */,
				87C192582B510961009964D3 /* TDSubmitButton.swift */,
			);
			path = Component;
			sourceTree = "<group>";
		};
		87C1925A2B511722009964D3 /* Domain */ = {
			isa = PBXGroup;
			children = (
				87C1925B2B51172E009964D3 /* UseCase */,
			);
			path = Domain;
			sourceTree = "<group>";
		};
		87C1925B2B51172E009964D3 /* UseCase */ = {
			isa = PBXGroup;
			children = (
				87C1925C2B51173D009964D3 /* TextAdjustUseCase.swift */,
			);
			path = UseCase;
			sourceTree = "<group>";
		};
		87C1925E2B5120B5009964D3 /* Interface */ = {
			isa = PBXGroup;
			children = (
				87C1925F2B5120BD009964D3 /* TextAdjustUseCaseInterface.swift */,
			);
			path = Interface;
			sourceTree = "<group>";
		};
		87EB9F5F2B50C508003CB76F = {
			isa = PBXGroup;
			children = (
				87EB9F6A2B50C508003CB76F /* TransDocument */,
				87EB9F692B50C508003CB76F /* Products */,
			);
			sourceTree = "<group>";
		};
		87EB9F692B50C508003CB76F /* Products */ = {
			isa = PBXGroup;
			children = (
				87EB9F682B50C508003CB76F /* TransDocument.app */,
			);
			name = Products;
			sourceTree = "<group>";
		};
		87EB9F6A2B50C508003CB76F /* TransDocument */ = {
			isa = PBXGroup;
			children = (
				87EB9F6B2B50C508003CB76F /* TransDocumentApp.swift */,
				87EB9F7C2B50CC66003CB76F /* Presentation */,
				87C1925A2B511722009964D3 /* Domain */,
				87EB9F7F2B50CF57003CB76F /* Core */,
				87EB9F6F2B50C509003CB76F /* Assets.xcassets */,
				87EB9F742B50C509003CB76F /* TransDocument.entitlements */,
				87EB9F712B50C509003CB76F /* Preview Content */,
			);
			path = TransDocument;
			sourceTree = "<group>";
		};
		87EB9F712B50C509003CB76F /* Preview Content */ = {
			isa = PBXGroup;
			children = (
				87EB9F722B50C509003CB76F /* Preview Assets.xcassets */,
			);
			path = "Preview Content";
			sourceTree = "<group>";
		};
		87EB9F7C2B50CC66003CB76F /* Presentation */ = {
			isa = PBXGroup;
			children = (
				87C1925E2B5120B5009964D3 /* Interface */,
				87EB9F7A2B50CC59003CB76F /* NewDocumentView.swift */,
				87EB9F7D2B50CC94003CB76F /* NewDocumentModel.swift */,
			);
			path = Presentation;
			sourceTree = "<group>";
		};
		87EB9F7F2B50CF57003CB76F /* Core */ = {
			isa = PBXGroup;
			children = (
				87EB9F832B50D06E003CB76F /* Extension */,
				87EB9F802B50CF65003CB76F /* Design System */,
			);
			path = Core;
			sourceTree = "<group>";
		};
		87EB9F802B50CF65003CB76F /* Design System */ = {
			isa = PBXGroup;
			children = (
				87C192552B50EA0F009964D3 /* Component */,
				87EB9F812B50CF70003CB76F /* Colors.swift */,
			);
			path = "Design System";
			sourceTree = "<group>";
		};
		87EB9F832B50D06E003CB76F /* Extension */ = {
			isa = PBXGroup;
			children = (
				87EB9F842B50D079003CB76F /* Color+Extension.swift */,
				87EB9F862B50D347003CB76F /* Date+Extension.swift */,
			);
			path = Extension;
			sourceTree = "<group>";
		};
/* End PBXGroup section */

/* Begin PBXNativeTarget section */
		87EB9F672B50C508003CB76F /* TransDocument */ = {
			isa = PBXNativeTarget;
			buildConfigurationList = 87EB9F772B50C509003CB76F /* Build configuration list for PBXNativeTarget "TransDocument" */;
			buildPhases = (
				87EB9F642B50C508003CB76F /* Sources */,
				87EB9F652B50C508003CB76F /* Frameworks */,
				87EB9F662B50C508003CB76F /* Resources */,
			);
			buildRules = (
			);
			dependencies = (
			);
			name = TransDocument;
			productName = TransDocument;
			productReference = 87EB9F682B50C508003CB76F /* TransDocument.app */;
			productType = "com.apple.product-type.application";
		};
/* End PBXNativeTarget section */

/* Begin PBXProject section */
		87EB9F602B50C508003CB76F /* Project object */ = {
			isa = PBXProject;
			attributes = {
				BuildIndependentTargetsInParallel = 1;
				LastSwiftUpdateCheck = 1500;
				LastUpgradeCheck = 1500;
				TargetAttributes = {
					87EB9F672B50C508003CB76F = {
						CreatedOnToolsVersion = 15.0;
					};
				};
			};
			buildConfigurationList = 87EB9F632B50C508003CB76F /* Build configuration list for PBXProject "TransDocument" */;
			compatibilityVersion = "Xcode 14.0";
			developmentRegion = en;
			hasScannedForEncodings = 0;
			knownRegions = (
				en,
				Base,
			);
			mainGroup = 87EB9F5F2B50C508003CB76F;
			productRefGroup = 87EB9F692B50C508003CB76F /* Products */;
			projectDirPath = "";
			projectRoot = "";
			targets = (
				87EB9F672B50C508003CB76F /* TransDocument */,
			);
		};
/* End PBXProject section */

/* Begin PBXResourcesBuildPhase section */
		87EB9F662B50C508003CB76F /* Resources */ = {
			isa = PBXResourcesBuildPhase;
			buildActionMask = 2147483647;
			files = (
				87EB9F732B50C509003CB76F /* Preview Assets.xcassets in Resources */,
				87EB9F702B50C509003CB76F /* Assets.xcassets in Resources */,
			);
			runOnlyForDeploymentPostprocessing = 0;
		};
/* End PBXResourcesBuildPhase section */

/* Begin PBXSourcesBuildPhase section */
		87EB9F642B50C508003CB76F /* Sources */ = {
			isa = PBXSourcesBuildPhase;
			buildActionMask = 2147483647;
			files = (
				87C192602B5120BD009964D3 /* TextAdjustUseCaseInterface.swift in Sources */,
				87EB9F7B2B50CC59003CB76F /* NewDocumentView.swift in Sources */,
				87EB9F852B50D079003CB76F /* Color+Extension.swift in Sources */,
				87EB9F822B50CF70003CB76F /* Colors.swift in Sources */,
				87EB9F6C2B50C508003CB76F /* TransDocumentApp.swift in Sources */,
				87C192572B50EA3E009964D3 /* TDEditTextView.swift in Sources */,
				87C1925D2B51173D009964D3 /* TextAdjustUseCase.swift in Sources */,
				87EB9F7E2B50CC94003CB76F /* NewDocumentModel.swift in Sources */,
				87EB9F872B50D347003CB76F /* Date+Extension.swift in Sources */,
				87C192592B510961009964D3 /* TDSubmitButton.swift in Sources */,
			);
			runOnlyForDeploymentPostprocessing = 0;
		};
/* End PBXSourcesBuildPhase section */

/* Begin XCBuildConfiguration section */
		87EB9F752B50C509003CB76F /* Debug */ = {
			isa = XCBuildConfiguration;
			buildSettings = {
				ALWAYS_SEARCH_USER_PATHS = NO;
				ASSETCATALOG_COMPILER_GENERATE_SWIFT_ASSET_SYMBOL_EXTENSIONS = YES;
				CLANG_ANALYZER_NONNULL = YES;
				CLANG_ANALYZER_NUMBER_OBJECT_CONVERSION = YES_AGGRESSIVE;
				CLANG_CXX_LANGUAGE_STANDARD = "gnu++20";
				CLANG_ENABLE_MODULES = YES;
				CLANG_ENABLE_OBJC_ARC = YES;
				CLANG_ENABLE_OBJC_WEAK = YES;
				CLANG_WARN_BLOCK_CAPTURE_AUTORELEASING = YES;
				CLANG_WARN_BOOL_CONVERSION = YES;
				CLANG_WARN_COMMA = YES;
				CLANG_WARN_CONSTANT_CONVERSION = YES;
				CLANG_WARN_DEPRECATED_OBJC_IMPLEMENTATIONS = YES;
				CLANG_WARN_DIRECT_OBJC_ISA_USAGE = YES_ERROR;
				CLANG_WARN_DOCUMENTATION_COMMENTS = YES;
				CLANG_WARN_EMPTY_BODY = YES;
				CLANG_WARN_ENUM_CONVERSION = YES;
				CLANG_WARN_INFINITE_RECURSION = YES;
				CLANG_WARN_INT_CONVERSION = YES;
				CLANG_WARN_NON_LITERAL_NULL_CONVERSION = YES;
				CLANG_WARN_OBJC_IMPLICIT_RETAIN_SELF = YES;
				CLANG_WARN_OBJC_LITERAL_CONVERSION = YES;
				CLANG_WARN_OBJC_ROOT_CLASS = YES_ERROR;
				CLANG_WARN_QUOTED_INCLUDE_IN_FRAMEWORK_HEADER = YES;
				CLANG_WARN_RANGE_LOOP_ANALYSIS = YES;
				CLANG_WARN_STRICT_PROTOTYPES = YES;
				CLANG_WARN_SUSPICIOUS_MOVE = YES;
				CLANG_WARN_UNGUARDED_AVAILABILITY = YES_AGGRESSIVE;
				CLANG_WARN_UNREACHABLE_CODE = YES;
				CLANG_WARN__DUPLICATE_METHOD_MATCH = YES;
				COPY_PHASE_STRIP = NO;
				DEBUG_INFORMATION_FORMAT = dwarf;
				ENABLE_STRICT_OBJC_MSGSEND = YES;
				ENABLE_TESTABILITY = YES;
				ENABLE_USER_SCRIPT_SANDBOXING = YES;
				GCC_C_LANGUAGE_STANDARD = gnu17;
				GCC_DYNAMIC_NO_PIC = NO;
				GCC_NO_COMMON_BLOCKS = YES;
				GCC_OPTIMIZATION_LEVEL = 0;
				GCC_PREPROCESSOR_DEFINITIONS = (
					"DEBUG=1",
					"$(inherited)",
				);
				GCC_WARN_64_TO_32_BIT_CONVERSION = YES;
				GCC_WARN_ABOUT_RETURN_TYPE = YES_ERROR;
				GCC_WARN_UNDECLARED_SELECTOR = YES;
				GCC_WARN_UNINITIALIZED_AUTOS = YES_AGGRESSIVE;
				GCC_WARN_UNUSED_FUNCTION = YES;
				GCC_WARN_UNUSED_VARIABLE = YES;
				LOCALIZATION_PREFERS_STRING_CATALOGS = YES;
				MACOSX_DEPLOYMENT_TARGET = 13.6;
				MTL_ENABLE_DEBUG_INFO = INCLUDE_SOURCE;
				MTL_FAST_MATH = YES;
				ONLY_ACTIVE_ARCH = YES;
				SDKROOT = macosx;
				SWIFT_ACTIVE_COMPILATION_CONDITIONS = "DEBUG $(inherited)";
				SWIFT_OPTIMIZATION_LEVEL = "-Onone";
			};
			name = Debug;
		};
		87EB9F762B50C509003CB76F /* Release */ = {
			isa = XCBuildConfiguration;
			buildSettings = {
				ALWAYS_SEARCH_USER_PATHS = NO;
				ASSETCATALOG_COMPILER_GENERATE_SWIFT_ASSET_SYMBOL_EXTENSIONS = YES;
				CLANG_ANALYZER_NONNULL = YES;
				CLANG_ANALYZER_NUMBER_OBJECT_CONVERSION = YES_AGGRESSIVE;
				CLANG_CXX_LANGUAGE_STANDARD = "gnu++20";
				CLANG_ENABLE_MODULES = YES;
				CLANG_ENABLE_OBJC_ARC = YES;
				CLANG_ENABLE_OBJC_WEAK = YES;
				CLANG_WARN_BLOCK_CAPTURE_AUTORELEASING = YES;
				CLANG_WARN_BOOL_CONVERSION = YES;
				CLANG_WARN_COMMA = YES;
				CLANG_WARN_CONSTANT_CONVERSION = YES;
				CLANG_WARN_DEPRECATED_OBJC_IMPLEMENTATIONS = YES;
				CLANG_WARN_DIRECT_OBJC_ISA_USAGE = YES_ERROR;
				CLANG_WARN_DOCUMENTATION_COMMENTS = YES;
				CLANG_WARN_EMPTY_BODY = YES;
				CLANG_WARN_ENUM_CONVERSION = YES;
				CLANG_WARN_INFINITE_RECURSION = YES;
				CLANG_WARN_INT_CONVERSION = YES;
				CLANG_WARN_NON_LITERAL_NULL_CONVERSION = YES;
				CLANG_WARN_OBJC_IMPLICIT_RETAIN_SELF = YES;
				CLANG_WARN_OBJC_LITERAL_CONVERSION = YES;
				CLANG_WARN_OBJC_ROOT_CLASS = YES_ERROR;
				CLANG_WARN_QUOTED_INCLUDE_IN_FRAMEWORK_HEADER = YES;
				CLANG_WARN_RANGE_LOOP_ANALYSIS = YES;
				CLANG_WARN_STRICT_PROTOTYPES = YES;
				CLANG_WARN_SUSPICIOUS_MOVE = YES;
				CLANG_WARN_UNGUARDED_AVAILABILITY = YES_AGGRESSIVE;
				CLANG_WARN_UNREACHABLE_CODE = YES;
				CLANG_WARN__DUPLICATE_METHOD_MATCH = YES;
				COPY_PHASE_STRIP = NO;
				DEBUG_INFORMATION_FORMAT = "dwarf-with-dsym";
				ENABLE_NS_ASSERTIONS = NO;
				ENABLE_STRICT_OBJC_MSGSEND = YES;
				ENABLE_USER_SCRIPT_SANDBOXING = YES;
				GCC_C_LANGUAGE_STANDARD = gnu17;
				GCC_NO_COMMON_BLOCKS = YES;
				GCC_WARN_64_TO_32_BIT_CONVERSION = YES;
				GCC_WARN_ABOUT_RETURN_TYPE = YES_ERROR;
				GCC_WARN_UNDECLARED_SELECTOR = YES;
				GCC_WARN_UNINITIALIZED_AUTOS = YES_AGGRESSIVE;
				GCC_WARN_UNUSED_FUNCTION = YES;
				GCC_WARN_UNUSED_VARIABLE = YES;
				LOCALIZATION_PREFERS_STRING_CATALOGS = YES;
				MACOSX_DEPLOYMENT_TARGET = 13.6;
				MTL_ENABLE_DEBUG_INFO = NO;
				MTL_FAST_MATH = YES;
				SDKROOT = macosx;
				SWIFT_COMPILATION_MODE = wholemodule;
			};
			name = Release;
		};
		87EB9F782B50C509003CB76F /* Debug */ = {
			isa = XCBuildConfiguration;
			buildSettings = {
				ASSETCATALOG_COMPILER_APPICON_NAME = AppIcon;
				ASSETCATALOG_COMPILER_GLOBAL_ACCENT_COLOR_NAME = AccentColor;
				CODE_SIGN_ENTITLEMENTS = TransDocument/TransDocument.entitlements;
				CODE_SIGN_STYLE = Automatic;
				COMBINE_HIDPI_IMAGES = YES;
				CURRENT_PROJECT_VERSION = 1;
				DEVELOPMENT_ASSET_PATHS = "\"TransDocument/Preview Content\"";
				DEVELOPMENT_TEAM = 2C96RNDN63;
				ENABLE_HARDENED_RUNTIME = YES;
				ENABLE_PREVIEWS = YES;
				GENERATE_INFOPLIST_FILE = YES;
				INFOPLIST_KEY_NSHumanReadableCopyright = "";
				LD_RUNPATH_SEARCH_PATHS = (
					"$(inherited)",
					"@executable_path/../Frameworks",
				);
				MARKETING_VERSION = 1.0;
				PRODUCT_BUNDLE_IDENTIFIER = com.minsang.TransDocument;
				PRODUCT_NAME = "$(TARGET_NAME)";
				SWIFT_EMIT_LOC_STRINGS = YES;
				SWIFT_VERSION = 5.0;
			};
			name = Debug;
		};
		87EB9F792B50C509003CB76F /* Release */ = {
			isa = XCBuildConfiguration;
			buildSettings = {
				ASSETCATALOG_COMPILER_APPICON_NAME = AppIcon;
				ASSETCATALOG_COMPILER_GLOBAL_ACCENT_COLOR_NAME = AccentColor;
				CODE_SIGN_ENTITLEMENTS = TransDocument/TransDocument.entitlements;
				CODE_SIGN_STYLE = Automatic;
				COMBINE_HIDPI_IMAGES = YES;
				CURRENT_PROJECT_VERSION = 1;
				DEVELOPMENT_ASSET_PATHS = "\"TransDocument/Preview Content\"";
				DEVELOPMENT_TEAM = 2C96RNDN63;
				ENABLE_HARDENED_RUNTIME = YES;
				ENABLE_PREVIEWS = YES;
				GENERATE_INFOPLIST_FILE = YES;
				INFOPLIST_KEY_NSHumanReadableCopyright = "";
				LD_RUNPATH_SEARCH_PATHS = (
					"$(inherited)",
					"@executable_path/../Frameworks",
				);
				MARKETING_VERSION = 1.0;
				PRODUCT_BUNDLE_IDENTIFIER = com.minsang.TransDocument;
				PRODUCT_NAME = "$(TARGET_NAME)";
				SWIFT_EMIT_LOC_STRINGS = YES;
				SWIFT_VERSION = 5.0;
			};
			name = Release;
		};
/* End XCBuildConfiguration section */

/* Begin XCConfigurationList section */
		87EB9F632B50C508003CB76F /* Build configuration list for PBXProject "TransDocument" */ = {
			isa = XCConfigurationList;
			buildConfigurations = (
				87EB9F752B50C509003CB76F /* Debug */,
				87EB9F762B50C509003CB76F /* Release */,
			);
			defaultConfigurationIsVisible = 0;
			defaultConfigurationName = Release;
		};
		87EB9F772B50C509003CB76F /* Build configuration list for PBXNativeTarget "TransDocument" */ = {
			isa = XCConfigurationList;
			buildConfigurations = (
				87EB9F782B50C509003CB76F /* Debug */,
				87EB9F792B50C509003CB76F /* Release */,
			);
			defaultConfigurationIsVisible = 0;
			defaultConfigurationName = Release;
		};
/* End XCConfigurationList section */
	};
	rootObject = 87EB9F602B50C508003CB76F /* Project object */;
}
